
Microsoft Visual Studio Solution File, Format Version 12.00
# Visual Studio Version 16
VisualStudioVersion = 16.0.30309.148
MinimumVisualStudioVersion = 10.0.40219.1
Project("{FAE04EC0-301F-11D3-BF4B-00C04F79EFBC}") = "MongoDbApp", "MongoDbApp\MongoDbApp.csproj", "{6721DF3D-DD53-493F-8F01-13EE6E5F1E50}"
EndProject
Global
	GlobalSection(SolutionConfigurationPlatforms) = preSolution
		Debug|Any CPU = Debug|Any CPU
		Release|Any CPU = Release|Any CPU
	EndGlobalSection
	GlobalSection(ProjectConfigurationPlatforms) = postSolution
		{6721DF3D-DD53-493F-8F01-13EE6E5F1E50}.Debug|Any CPU.ActiveCfg = Debug|Any CPU
		{6721DF3D-DD53-493F-8F01-13EE6E5F1E50}.Debug|Any CPU.Build.0 = Debug|Any CPU
		{6721DF3D-DD53-493F-8F01-13EE6E5F1E50}.Release|Any CPU.ActiveCfg = Release|Any CPU
		{6721DF3D-DD53-493F-8F01-13EE6E5F1E50}.Release|Any CPU.Build.0 = Release|Any CPU
	EndGlobalSection
	GlobalSection(SolutionProperties) = preSolution
		HideSolutionNode = FALSE
	EndGlobalSection
	GlobalSection(ExtensibilityGlobals) = postSolution
		SolutionGuid = {1EC94B03-34EA-4CE6-8763-F81AD73CDF70}
	EndGlobalSection
EndGlobal
